<?xml version="1.0" encoding="utf-8"?>
<Project ToolsVersion="4.0" xmlns="http://schemas.microsoft.com/developer/msbuild/2003">
  <ItemGroup>
    <Filter Include="asi_loader">
      <UniqueIdentifier>{98276F8D-84DF-B0DA-EDE6-8936D9BD4BCB}</UniqueIdentifier>
    </Filter>
    <Filter Include="backend">
      <UniqueIdentifier>{ED260B65-5906-8A00-621E-15D7CE7CF061}</UniqueIdentifier>
    </Filter>
    <Filter Include="backend\looped">
      <UniqueIdentifier>{7F2D2C8F-6BFB-1F95-548F-90BB40FCFBF9}</UniqueIdentifier>
    </Filter>
    <Filter Include="backend\looped\hud">
      <UniqueIdentifier>{AF64907C-9B48-51D2-04A9-4B25F0AB3B54}</UniqueIdentifier>
    </Filter>
    <Filter Include="backend\looped\player">
      <UniqueIdentifier>{DBADCC3B-471A-8836-100E-20947C39AA9E}</UniqueIdentifier>
    </Filter>
    <Filter Include="backend\looped\self">
      <UniqueIdentifier>{18C0A20E-8421-801C-0D8F-C6CE79EFB6DB}</UniqueIdentifier>
    </Filter>
    <Filter Include="backend\looped\session">
      <UniqueIdentifier>{F2823F8D-DE7C-68DF-C7E9-FEEFB382CE4B}</UniqueIdentifier>
    </Filter>
    <Filter Include="backend\looped\system">
      <UniqueIdentifier>{D32FC143-3F9C-7C3E-0890-149C74BB9EA6}</UniqueIdentifier>
    </Filter>
    <Filter Include="backend\looped\tunables">
      <UniqueIdentifier>{CC1922E4-3851-6A7B-415B-CE9EAD119174}</UniqueIdentifier>
    </Filter>
    <Filter Include="backend\looped\vehicle">
      <UniqueIdentifier>{EE956173-DA8F-8AC5-C3FC-20D6AF95F031}</UniqueIdentifier>
    </Filter>
    <Filter Include="backend\looped\weapons">
      <UniqueIdentifier>{2B31E1BF-172B-0A12-0098-A022EC30707E}</UniqueIdentifier>
    </Filter>
    <Filter Include="backend\looped\world">
      <UniqueIdentifier>{96BB48E3-824A-D2AC-2B69-E6A717D7E252}</UniqueIdentifier>
    </Filter>
    <Filter Include="core">
      <UniqueIdentifier>{4E40957C-3A77-960D-E363-7C10CF79120F}</UniqueIdentifier>
    </Filter>
    <Filter Include="core\data">
      <UniqueIdentifier>{97A25AA5-030D-0F1C-4C4B-C0C1B8F4EC70}</UniqueIdentifier>
    </Filter>
    <Filter Include="file_manager">
      <UniqueIdentifier>{9FDE6993-8B41-F937-34C7-31EE2009C5BA}</UniqueIdentifier>
    </Filter>
    <Filter Include="fonts">
      <UniqueIdentifier>{EF84730F-5B99-9BC0-241B-3F2090EE97F1}</UniqueIdentifier>
    </Filter>
    <Filter Include="gta">
      <UniqueIdentifier>{6178880B-CD81-887C-56FD-9E7CC205947C}</UniqueIdentifier>
    </Filter>
    <Filter Include="gui">
      <UniqueIdentifier>{8A78880B-F681-887C-7FFD-9E7CEB05947C}</UniqueIdentifier>
    </Filter>
    <Filter Include="gui\components">
      <UniqueIdentifier>{7FD7FC1B-6BA5-F021-5439-614840A6CC86}</UniqueIdentifier>
    </Filter>
    <Filter Include="gui\handling">
      <UniqueIdentifier>{3E019036-2A64-1FDB-D3E9-5791BF2BEB5D}</UniqueIdentifier>
    </Filter>
    <Filter Include="gui\handling\current_profile">
      <UniqueIdentifier>{E0640CEB-CC1F-FC96-75D7-74E161714627}</UniqueIdentifier>
    </Filter>
    <Filter Include="gui\handling\modals">
      <UniqueIdentifier>{4D049BD6-B965-78E4-42D3-BE96AE33AFA3}</UniqueIdentifier>
    </Filter>
    <Filter Include="gui\ytd loader">
      <UniqueIdentifier>{C14DE057-AD1B-D45D-96AF-4484821CB0C2}</UniqueIdentifier>
    </Filter>
    <Filter Include="hooks">
      <UniqueIdentifier>{09B9970F-75CD-BFC0-3E4F-6320AA22BCF1}</UniqueIdentifier>
    </Filter>
    <Filter Include="hooks\gui">
      <UniqueIdentifier>{FDA08A17-690B-3F8E-B249-F0331EF31CE3}</UniqueIdentifier>
    </Filter>
    <Filter Include="hooks\info">
      <UniqueIdentifier>{A4BBDF08-9073-2156-F97A-FAB1E551BC46}</UniqueIdentifier>
    </Filter>
    <Filter Include="hooks\metrics">
      <UniqueIdentifier>{8F164FD7-FBD6-CA0D-C411-148B30910FEA}</UniqueIdentifier>
    </Filter>
    <Filter Include="hooks\misc">
      <UniqueIdentifier>{84D9E108-7091-2356-D998-FCB1C56FBE46}</UniqueIdentifier>
    </Filter>
    <Filter Include="hooks\native_hooks">
      <UniqueIdentifier>{82EC1CD5-6ED0-DD2A-D730-D87DC333C8AC}</UniqueIdentifier>
    </Filter>
    <Filter Include="hooks\player_management">
      <UniqueIdentifier>{A1BBCF42-0DF3-17DA-16FD-7BFD82B33ED3}</UniqueIdentifier>
    </Filter>
    <Filter Include="hooks\protections">
      <UniqueIdentifier>{52591FA2-BE6F-1D38-07E7-A859733CEEBF}</UniqueIdentifier>
    </Filter>
    <Filter Include="hooks\spoofing">
      <UniqueIdentifier>{7DE19B8D-69AF-8F93-5243-00BA3EB06BF8}</UniqueIdentifier>
    </Filter>
    <Filter Include="memory">
      <UniqueIdentifier>{DEA8820D-CA4A-ADE3-B305-C1379F463434}</UniqueIdentifier>
    </Filter>
    <Filter Include="native_hooks">
      <UniqueIdentifier>{AF926EAF-9BF5-FD53-447B-360A30BDC9D6}</UniqueIdentifier>
    </Filter>
    <Filter Include="services">
      <UniqueIdentifier>{C98C7E0E-B559-D919-DE72-C7C1CA9E0EA8}</UniqueIdentifier>
    </Filter>
    <Filter Include="services\anti_cheat">
      <UniqueIdentifier>{C8E0AD60-3442-8B6E-BDAF-D1202910C22D}</UniqueIdentifier>
    </Filter>
    <Filter Include="services\chat">
      <UniqueIdentifier>{F882DD37-6443-596E-2D7E-A2EB99FD9D4A}</UniqueIdentifier>
    </Filter>
    <Filter Include="services\context_menu">
      <UniqueIdentifier>{11C8AF09-7D34-6B04-4628-0362B2538D6C}</UniqueIdentifier>
    </Filter>
    <Filter Include="services\custom_text">
      <UniqueIdentifier>{57E22136-4371-ABFF-EC8F-BFFAD8FDBBA5}</UniqueIdentifier>
    </Filter>
    <Filter Include="services\friends">
      <UniqueIdentifier>{23F85A4D-0FF1-799F-3823-5F24247B59AB}</UniqueIdentifier>
    </Filter>
    <Filter Include="services\globals">
      <UniqueIdentifier>{BCF8C08C-A8F1-DFDE-D123-C563BD7BBFEA}</UniqueIdentifier>
    </Filter>
    <Filter Include="services\gta_data">
      <UniqueIdentifier>{CDEAD46B-3901-D301-8278-5E23EECDA389}</UniqueIdentifier>
    </Filter>
    <Filter Include="services\mobile">
      <UniqueIdentifier>{B0CE1CBD-1C5A-8A81-256B-0D769175E681}</UniqueIdentifier>
    </Filter>
    <Filter Include="services\model_preview">
      <UniqueIdentifier>{4A69FCFB-3663-254E-1FD0-BB5E0B698BBA}</UniqueIdentifier>
    </Filter>
    <Filter Include="services\notifications">
      <UniqueIdentifier>{F256A421-DE50-CD73-C7BD-6384B35633E0}</UniqueIdentifier>
    </Filter>
    <Filter Include="services\pickups">
      <UniqueIdentifier>{97C0B939-83B9-D88B-ACEB-BD109843B897}</UniqueIdentifier>
    </Filter>
    <Filter Include="services\player_database">
      <UniqueIdentifier>{B95EF4CF-A583-4350-CECE-28E0BA52426E}</UniqueIdentifier>
    </Filter>
    <Filter Include="services\players">
      <UniqueIdentifier>{F8729C40-E46B-BB92-0D9E-A017F9F59A9E}</UniqueIdentifier>
    </Filter>
    <Filter Include="services\spinner">
      <UniqueIdentifier>{37AC6A31-23A5-8983-4CD7-6E08382F698F}</UniqueIdentifier>
    </Filter>
    <Filter Include="services\vehicle">
      <UniqueIdentifier>{389F9BFE-2498-BA50-4DCA-9FD539229A5C}</UniqueIdentifier>
    </Filter>
    <Filter Include="services\vehicle_helper">
      <UniqueIdentifier>{F72AAF3E-6362-F7D5-6C6C-5BF9D8221ECF}</UniqueIdentifier>
    </Filter>
    <Filter Include="util">
      <UniqueIdentifier>{43339F7C-2F6A-A00D-D856-8610C46C1C0F}</UniqueIdentifier>
    </Filter>
    <Filter Include="views">
      <UniqueIdentifier>{D39C9110-3FB1-B9C1-0833-5D217406B6F2}</UniqueIdentifier>
    </Filter>
    <Filter Include="views\chat">
      <UniqueIdentifier>{4229AEE7-2EE1-EF34-97E8-C89083BF8A25}</UniqueIdentifier>
    </Filter>
    <Filter Include="views\core">
      <UniqueIdentifier>{2B49AEE7-1701-F034-8008-C9906CDF8A25}</UniqueIdentifier>
    </Filter>
    <Filter Include="views\debug">
      <UniqueIdentifier>{A9C983DD-157F-FCD2-9E73-F6A90A28F3D6}</UniqueIdentifier>
    </Filter>
    <Filter Include="views\esp">
      <UniqueIdentifier>{0A510507-76BB-B97D-BFF9-6A232BA397D2}</UniqueIdentifier>
    </Filter>
    <Filter Include="views\native">
      <UniqueIdentifier>{29E111A5-1544-A149-BEC9-D9FFAA0B6DCC}</UniqueIdentifier>
    </Filter>
    <Filter Include="views\network">
      <UniqueIdentifier>{6C3AAA50-D8FA-2587-A135-6F040DB56A63}</UniqueIdentifier>
    </Filter>
    <Filter Include="views\players">
      <UniqueIdentifier>{02ED9BF9-6EAD-1730-37E8-60ADA3675C0C}</UniqueIdentifier>
    </Filter>
    <Filter Include="views\self">
      <UniqueIdentifier>{ECE3B6E7-D89B-F834-41A3-D1902D7A9325}</UniqueIdentifier>
    </Filter>
    <Filter Include="views\settings">
      <UniqueIdentifier>{730B0103-5FD9-F408-486D-652F34DAD06D}</UniqueIdentifier>
    </Filter>
    <Filter Include="views\vehicle">
      <UniqueIdentifier>{42199BB7-AED9-16EE-7714-606BE3935BCA}</UniqueIdentifier>
    </Filter>
    <Filter Include="views\world">
      <UniqueIdentifier>{EA59E1DE-560F-5AD4-DF03-54AB4BB850D8}</UniqueIdentifier>
    </Filter>
    <Filter Include="widgets">
      <UniqueIdentifier>{9C4F4BC8-082F-CA63-1147-553A7DA530C5}</UniqueIdentifier>
    </Filter>
  </ItemGroup>
  <ItemGroup>
    <ClInclude Include="src\asi_loader\asi_scripts.h">
      <Filter>asi_loader</Filter>
    </ClInclude>
    <ClInclude Include="src\asi_loader\pe_image.h">
      <Filter>asi_loader</Filter>
    </ClInclude>
    <ClInclude Include="src\asi_loader\pools.h">
      <Filter>asi_loader</Filter>
    </ClInclude>
    <ClInclude Include="src\asi_loader\script_manager.h">
      <Filter>asi_loader</Filter>
    </ClInclude>
    <ClInclude Include="src\backend\backend.hpp">
      <Filter>backend</Filter>
    </ClInclude>
    <ClInclude Include="src\backend\looped\looped.hpp">
      <Filter>backend\looped</Filter>
    </ClInclude>
    <ClInclude Include="src\benchmark.h" />
    <ClInclude Include="src\common.hpp" />
    <ClInclude Include="src\core\data\bullet_impact_types.hpp">
      <Filter>core\data</Filter>
    </ClInclude>
    <ClInclude Include="src\core\data\clothes.hpp">
      <Filter>core\data</Filter>
    </ClInclude>
    <ClInclude Include="src\core\data\custom_weapons.hpp">
      <Filter>core\data</Filter>
    </ClInclude>
    <ClInclude Include="src\core\data\explosion_types.hpp">
      <Filter>core\data</Filter>
    </ClInclude>
    <ClInclude Include="src\core\data\game_states.hpp">
      <Filter>core\data</Filter>
    </ClInclude>
    <ClInclude Include="src\core\data\levels.hpp">
      <Filter>core\data</Filter>
    </ClInclude>
    <ClInclude Include="src\core\data\lsc_types.hpp">
      <Filter>core\data</Filter>
    </ClInclude>
    <ClInclude Include="src\core\data\model_attachment.hpp">
      <Filter>core\data</Filter>
    </ClInclude>
    <ClInclude Include="src\core\data\phone_types.hpp">
      <Filter>core\data</Filter>
    </ClInclude>
    <ClInclude Include="src\core\data\pool_types.hpp">
      <Filter>core\data</Filter>
    </ClInclude>
    <ClInclude Include="src\core\data\region_codes.hpp">
      <Filter>core\data</Filter>
    </ClInclude>
    <ClInclude Include="src\core\data\session_types.hpp">
      <Filter>core\data</Filter>
    </ClInclude>
    <ClInclude Include="src\core\data\special_ammo_types.hpp">
      <Filter>core\data</Filter>
    </ClInclude>
    <ClInclude Include="src\core\data\speed_units.hpp">
      <Filter>core\data</Filter>
    </ClInclude>
    <ClInclude Include="src\core\enums.hpp">
      <Filter>core</Filter>
    </ClInclude>
    <ClInclude Include="src\core\globals.hpp">
      <Filter>core</Filter>
    </ClInclude>
    <ClInclude Include="src\crossmap.hpp" />
    <ClInclude Include="src\detour_hook.hpp" />
    <ClInclude Include="src\fiber_pool.hpp" />
    <ClInclude Include="src\file_manager.hpp" />
    <ClInclude Include="src\file_manager\file.hpp">
      <Filter>file_manager</Filter>
    </ClInclude>
    <ClInclude Include="src\file_manager\folder.hpp">
      <Filter>file_manager</Filter>
    </ClInclude>
    <ClInclude Include="src\fonts\fonts.hpp">
      <Filter>fonts</Filter>
    </ClInclude>
    <ClInclude Include="src\function_types.hpp" />
    <ClInclude Include="src\gta\PickupRewards.h">
      <Filter>gta</Filter>
    </ClInclude>
    <ClInclude Include="src\gta\VehicleValues.h">
      <Filter>gta</Filter>
    </ClInclude>
    <ClInclude Include="src\gta\Vehicles.h">
      <Filter>gta</Filter>
    </ClInclude>
    <ClInclude Include="src\gta\Weapons.h">
      <Filter>gta</Filter>
    </ClInclude>
    <ClInclude Include="src\gta\array.hpp">
      <Filter>gta</Filter>
    </ClInclude>
    <ClInclude Include="src\gta\base.hpp">
      <Filter>gta</Filter>
    </ClInclude>
    <ClInclude Include="src\gta\blip.hpp">
      <Filter>gta</Filter>
    </ClInclude>
    <ClInclude Include="src\gta\color.hpp">
      <Filter>gta</Filter>
    </ClInclude>
    <ClInclude Include="src\gta\decal_controller.hpp">
      <Filter>gta</Filter>
    </ClInclude>
    <ClInclude Include="src\gta\enums.hpp">
      <Filter>gta</Filter>
    </ClInclude>
    <ClInclude Include="src\gta\extensible.hpp">
      <Filter>gta</Filter>
    </ClInclude>
    <ClInclude Include="src\gta\fidevice.hpp">
      <Filter>gta</Filter>
    </ClInclude>
    <ClInclude Include="src\gta\fwddec.hpp">
      <Filter>gta</Filter>
    </ClInclude>
    <ClInclude Include="src\gta\gxt2.hpp">
      <Filter>gta</Filter>
    </ClInclude>
    <ClInclude Include="src\gta\joaat.hpp">
      <Filter>gta</Filter>
    </ClInclude>
    <ClInclude Include="src\gta\matrix.hpp">
      <Filter>gta</Filter>
    </ClInclude>
    <ClInclude Include="src\gta\natives.hpp">
      <Filter>gta</Filter>
    </ClInclude>
    <ClInclude Include="src\gta\net_game_event.hpp">
      <Filter>gta</Filter>
    </ClInclude>
    <ClInclude Include="src\gta\net_object_mgr.hpp">
      <Filter>gta</Filter>
    </ClInclude>
    <ClInclude Include="src\gta\node_list.hpp">
      <Filter>gta</Filter>
    </ClInclude>
    <ClInclude Include="src\gta\ped_factory.hpp">
      <Filter>gta</Filter>
    </ClInclude>
    <ClInclude Include="src\gta\player.hpp">
      <Filter>gta</Filter>
    </ClInclude>
    <ClInclude Include="src\gta\ref_aware.hpp">
      <Filter>gta</Filter>
    </ClInclude>
    <ClInclude Include="src\gta\replay.hpp">
      <Filter>gta</Filter>
    </ClInclude>
    <ClInclude Include="src\gta\script_handler.hpp">
      <Filter>gta</Filter>
    </ClInclude>
    <ClInclude Include="src\gta\script_id.hpp">
      <Filter>gta</Filter>
    </ClInclude>
    <ClInclude Include="src\gta\script_program.hpp">
      <Filter>gta</Filter>
    </ClInclude>
    <ClInclude Include="src\gta\script_thread.hpp">
      <Filter>gta</Filter>
    </ClInclude>
    <ClInclude Include="src\gta\sysMemAllocator.hpp">
      <Filter>gta</Filter>
    </ClInclude>
    <ClInclude Include="src\gta\tls_context.hpp">
      <Filter>gta</Filter>
    </ClInclude>
    <ClInclude Include="src\gta\vector.hpp">
      <Filter>gta</Filter>
    </ClInclude>
    <ClInclude Include="src\gta_util.hpp" />
    <ClInclude Include="src\gui.hpp" />
    <ClInclude Include="src\gui\components\components.hpp">
      <Filter>gui\components</Filter>
    </ClInclude>
    <ClInclude Include="src\gui\handling\current_profile\current_profile_tabs.hpp">
      <Filter>gui\handling\current_profile</Filter>
    </ClInclude>
    <ClInclude Include="src\gui\ytd loader\ytd_loader.hpp">
      <Filter>gui\ytd loader</Filter>
    </ClInclude>
    <ClInclude Include="src\hooking.hpp" />
    <ClInclude Include="src\invoker.hpp" />
    <ClInclude Include="src\logger.hpp" />
    <ClInclude Include="src\memory\all.hpp">
      <Filter>memory</Filter>
    </ClInclude>
    <ClInclude Include="src\memory\batch.hpp">
      <Filter>memory</Filter>
    </ClInclude>
    <ClInclude Include="src\memory\byte_patch.hpp">
      <Filter>memory</Filter>
    </ClInclude>
    <ClInclude Include="src\memory\fwddec.hpp">
      <Filter>memory</Filter>
    </ClInclude>
    <ClInclude Include="src\memory\handle.hpp">
      <Filter>memory</Filter>
    </ClInclude>
    <ClInclude Include="src\memory\module.hpp">
      <Filter>memory</Filter>
    </ClInclude>
    <ClInclude Include="src\memory\pattern.hpp">
      <Filter>memory</Filter>
    </ClInclude>
    <ClInclude Include="src\memory\range.hpp">
      <Filter>memory</Filter>
    </ClInclude>
    <ClInclude Include="src\native_hooks\all_scripts.hpp">
      <Filter>native_hooks</Filter>
    </ClInclude>
    <ClInclude Include="src\native_hooks\carmod_shop.hpp">
      <Filter>native_hooks</Filter>
    </ClInclude>
    <ClInclude Include="src\native_hooks\freemode.hpp">
      <Filter>native_hooks</Filter>
    </ClInclude>
    <ClInclude Include="src\native_hooks\ingamehud.hpp">
      <Filter>native_hooks</Filter>
    </ClInclude>
    <ClInclude Include="src\native_hooks\maintransition.hpp">
      <Filter>native_hooks</Filter>
    </ClInclude>
    <ClInclude Include="src\native_hooks\native_hooks.hpp">
      <Filter>native_hooks</Filter>
    </ClInclude>
    <ClInclude Include="src\native_hooks\shop_controller.hpp">
      <Filter>native_hooks</Filter>
    </ClInclude>
    <ClInclude Include="src\natives.hpp" />
    <ClInclude Include="src\pointers.hpp" />
    <ClInclude Include="src\renderer.hpp" />
    <ClInclude Include="src\script.hpp" />
    <ClInclude Include="src\script_global.hpp" />
    <ClInclude Include="src\script_hook.hpp" />
    <ClInclude Include="src\script_local.hpp" />
    <ClInclude Include="src\script_mgr.hpp" />
    <ClInclude Include="src\services\anti_cheat\anti_cheat_service.hpp">
      <Filter>services\anti_cheat</Filter>
    </ClInclude>
    <ClInclude Include="src\services\chat\chat_service.hpp">
      <Filter>services\chat</Filter>
    </ClInclude>
    <ClInclude Include="src\services\context_menu\context_menu_service.hpp">
      <Filter>services\context_menu</Filter>
    </ClInclude>
    <ClInclude Include="src\services\custom_text\custom_text_callbacks.hpp">
      <Filter>services\custom_text</Filter>
    </ClInclude>
    <ClInclude Include="src\services\custom_text\custom_text_service.hpp">
      <Filter>services\custom_text</Filter>
    </ClInclude>
    <ClInclude Include="src\services\friends\friends_service.hpp">
      <Filter>services\friends</Filter>
    </ClInclude>
    <ClInclude Include="src\services\globals\globals_service.hpp">
      <Filter>services\globals</Filter>
    </ClInclude>
    <ClInclude Include="src\services\gta_data\cache_file.hpp">
      <Filter>services\gta_data</Filter>
    </ClInclude>
    <ClInclude Include="src\services\gta_data\gta_data_service.hpp">
      <Filter>services\gta_data</Filter>
    </ClInclude>
    <ClInclude Include="src\services\gta_data\ped_item.hpp">
      <Filter>services\gta_data</Filter>
    </ClInclude>
    <ClInclude Include="src\services\gta_data\vehicle_item.hpp">
      <Filter>services\gta_data</Filter>
    </ClInclude>
    <ClInclude Include="src\services\gta_data\weapon_item.hpp">
      <Filter>services\gta_data</Filter>
    </ClInclude>
    <ClInclude Include="src\services\gta_data\yim_fipackfile.hpp">
      <Filter>services\gta_data</Filter>
    </ClInclude>
    <ClInclude Include="src\services\mobile\mobile_service.hpp">
      <Filter>services\mobile</Filter>
    </ClInclude>
    <ClInclude Include="src\services\model_preview\model_preview_service.hpp">
      <Filter>services\model_preview</Filter>
    </ClInclude>
    <ClInclude Include="src\services\notifications\notification_service.hpp">
      <Filter>services\notifications</Filter>
    </ClInclude>
    <ClInclude Include="src\services\pickups\pickup_service.hpp">
      <Filter>services\pickups</Filter>
    </ClInclude>
    <ClInclude Include="src\services\player_database\player_database_service.hpp">
      <Filter>services\player_database</Filter>
    </ClInclude>
    <ClInclude Include="src\services\players\player.hpp">
      <Filter>services\players</Filter>
    </ClInclude>
    <ClInclude Include="src\services\players\player_service.hpp">
      <Filter>services\players</Filter>
    </ClInclude>
    <ClInclude Include="src\services\spinner\spinner_service.hpp">
      <Filter>services\spinner</Filter>
    </ClInclude>
    <ClInclude Include="src\services\vehicle\handling_profile.hpp">
      <Filter>services\vehicle</Filter>
    </ClInclude>
    <ClInclude Include="src\services\vehicle\handling_service.hpp">
      <Filter>services\vehicle</Filter>
    </ClInclude>
    <ClInclude Include="src\services\vehicle\persist_car_service.hpp">
      <Filter>services\vehicle</Filter>
    </ClInclude>
    <ClInclude Include="src\services\vehicle_helper\vehicle_helper.hpp">
      <Filter>services\vehicle_helper</Filter>
    </ClInclude>
    <ClInclude Include="src\shv_runner.h" />
    <ClInclude Include="src\thread_pool.hpp" />
    <ClInclude Include="src\util\all.hpp">
      <Filter>util</Filter>
    </ClInclude>
    <ClInclude Include="src\util\animator.hpp">
      <Filter>util</Filter>
    </ClInclude>
    <ClInclude Include="src\util\anti_cheat.hpp">
      <Filter>util</Filter>
    </ClInclude>
    <ClInclude Include="src\util\blip.hpp">
      <Filter>util</Filter>
    </ClInclude>
    <ClInclude Include="src\util\entity.hpp">
      <Filter>util</Filter>
    </ClInclude>
    <ClInclude Include="src\util\globals.hpp">
      <Filter>util</Filter>
    </ClInclude>
    <ClInclude Include="src\util\local_player.hpp">
      <Filter>util</Filter>
    </ClInclude>
    <ClInclude Include="src\util\math.hpp">
      <Filter>util</Filter>
    </ClInclude>
    <ClInclude Include="src\util\misc.hpp">
      <Filter>util</Filter>
    </ClInclude>
    <ClInclude Include="src\util\mobile.hpp">
      <Filter>util</Filter>
    </ClInclude>
    <ClInclude Include="src\util\model_info.hpp">
      <Filter>util</Filter>
    </ClInclude>
    <ClInclude Include="src\util\notify.hpp">
      <Filter>util</Filter>
    </ClInclude>
    <ClInclude Include="src\util\ped.hpp">
      <Filter>util</Filter>
    </ClInclude>
    <ClInclude Include="src\util\player.hpp">
      <Filter>util</Filter>
    </ClInclude>
    <ClInclude Include="src\util\scripts.hpp">
      <Filter>util</Filter>
    </ClInclude>
    <ClInclude Include="src\util\session.hpp">
      <Filter>util</Filter>
    </ClInclude>
    <ClInclude Include="src\util\system.hpp">
      <Filter>util</Filter>
    </ClInclude>
    <ClInclude Include="src\util\teleport.hpp">
      <Filter>util</Filter>
    </ClInclude>
    <ClInclude Include="src\util\toxic.hpp">
      <Filter>util</Filter>
    </ClInclude>
    <ClInclude Include="src\util\vehicle.hpp">
      <Filter>util</Filter>
    </ClInclude>
    <ClInclude Include="src\util\water.hpp">
      <Filter>util</Filter>
    </ClInclude>
    <ClInclude Include="src\util\world_model.hpp">
      <Filter>util</Filter>
    </ClInclude>
    <ClInclude Include="src\views\esp\view_esp.hpp">
      <Filter>views\esp</Filter>
    </ClInclude>
    <ClInclude Include="src\views\native\native.hpp">
      <Filter>views\native</Filter>
    </ClInclude>
    <ClInclude Include="src\views\view.hpp">
      <Filter>views</Filter>
    </ClInclude>
    <ClInclude Include="src\vmt_hook.hpp" />
    <ClInclude Include="src\widgets\imgui_bitfield.hpp">
      <Filter>widgets</Filter>
    </ClInclude>
    <ClInclude Include="src\widgets\imgui_hotkey.hpp">
      <Filter>widgets</Filter>
    </ClInclude>
    <ClInclude Include="src\widgets\imgui_spinner.hpp">
      <Filter>widgets</Filter>
    </ClInclude>
  </ItemGroup>
  <ItemGroup>
    <ClCompile Include="src\asi_loader\asi_scripts.cpp">
      <Filter>asi_loader</Filter>
    </ClCompile>
    <ClCompile Include="src\asi_loader\pe_image.cpp">
      <Filter>asi_loader</Filter>
    </ClCompile>
    <ClCompile Include="src\asi_loader\pools.cpp">
      <Filter>asi_loader</Filter>
    </ClCompile>
    <ClCompile Include="src\asi_loader\script_manager.cpp">
      <Filter>asi_loader</Filter>
    </ClCompile>
    <ClCompile Include="src\backend\backend.cpp">
      <Filter>backend</Filter>
    </ClCompile>
    <ClCompile Include="src\backend\looped\hud\hud_transition_state.cpp">
      <Filter>backend\looped\hud</Filter>
    </ClCompile>
    <ClCompile Include="src\backend\looped\player\player_never_wanted.cpp">
      <Filter>backend\looped\player</Filter>
    </ClCompile>
    <ClCompile Include="src\backend\looped\player\spectate.cpp">
      <Filter>backend\looped\player</Filter>
    </ClCompile>
    <ClCompile Include="src\backend\looped\self\clean_player.cpp">
      <Filter>backend\looped\self</Filter>
    </ClCompile>
    <ClCompile Include="src\backend\looped\self\free_cam.cpp">
      <Filter>backend\looped\self</Filter>
    </ClCompile>
    <ClCompile Include="src\backend\looped\self\godmode.cpp">
      <Filter>backend\looped\self</Filter>
    </ClCompile>
    <ClCompile Include="src\backend\looped\self\invisibility.cpp">
      <Filter>backend\looped\self</Filter>
    </ClCompile>
    <ClCompile Include="src\backend\looped\self\no_collision.cpp">
      <Filter>backend\looped\self</Filter>
    </ClCompile>
    <ClCompile Include="src\backend\looped\self\no_ragdoll.cpp">
      <Filter>backend\looped\self</Filter>
    </ClCompile>
    <ClCompile Include="src\backend\looped\self\noclip.cpp">
      <Filter>backend\looped\self</Filter>
    </ClCompile>
    <ClCompile Include="src\backend\looped\self\off_radar.cpp">
      <Filter>backend\looped\self</Filter>
    </ClCompile>
    <ClCompile Include="src\backend\looped\self\police.cpp">
      <Filter>backend\looped\self</Filter>
    </ClCompile>
    <ClCompile Include="src\backend\looped\self\ragdol_mp.cpp">
      <Filter>backend\looped\self</Filter>
    </ClCompile>
    <ClCompile Include="src\backend\looped\self\super_run.cpp">
      <Filter>backend\looped\self</Filter>
    </ClCompile>
    <ClCompile Include="src\backend\looped\session\join_speed.cpp">
      <Filter>backend\looped\session</Filter>
    </ClCompile>
    <ClCompile Include="src\backend\looped\session\local_time.cpp">
      <Filter>backend\looped\session</Filter>
    </ClCompile>
    <ClCompile Include="src\backend\looped\session\script_starter.cpp">
      <Filter>backend\looped\session</Filter>
    </ClCompile>
    <ClCompile Include="src\backend\looped\system\anti_cheat.cpp">
      <Filter>backend\looped\system</Filter>
    </ClCompile>
    <ClCompile Include="src\backend\looped\system\desync_kick_protection.cpp">
      <Filter>backend\looped\system</Filter>
    </ClCompile>
    <ClCompile Include="src\backend\looped\system\disable_model_spawn_bypass.cpp">
      <Filter>backend\looped\system</Filter>
    </ClCompile>
    <ClCompile Include="src\backend\looped\system\self_globals.cpp">
      <Filter>backend\looped\system</Filter>
    </ClCompile>
    <ClCompile Include="src\backend\looped\system\update_pointers.cpp">
      <Filter>backend\looped\system</Filter>
    </ClCompile>
    <ClCompile Include="src\backend\looped\tunables\always_control.cpp">
      <Filter>backend\looped\tunables</Filter>
    </ClCompile>
    <ClCompile Include="src\backend\looped\tunables\disable_phone.cpp">
      <Filter>backend\looped\tunables</Filter>
    </ClCompile>
    <ClCompile Include="src\backend\looped\tunables\no_help_text.cpp">
      <Filter>backend\looped\tunables</Filter>
    </ClCompile>
    <ClCompile Include="src\backend\looped\tunables\no_idle_kick.cpp">
      <Filter>backend\looped\tunables</Filter>
    </ClCompile>
    <ClCompile Include="src\backend\looped\tunables\phone_anim.cpp">
      <Filter>backend\looped\tunables</Filter>
    </ClCompile>
    <ClCompile Include="src\backend\looped\vehicle\auto_drive.cpp">
      <Filter>backend\looped\vehicle</Filter>
    </ClCompile>
    <ClCompile Include="src\backend\looped\vehicle\boost_behavior.cpp">
      <Filter>backend\looped\vehicle</Filter>
    </ClCompile>
    <ClCompile Include="src\backend\looped\vehicle\chaff.cpp">
      <Filter>backend\looped\vehicle</Filter>
    </ClCompile>
    <ClCompile Include="src\backend\looped\vehicle\despawn_bypass.cpp">
      <Filter>backend\looped\vehicle</Filter>
    </ClCompile>
    <ClCompile Include="src\backend\looped\vehicle\drive_on_water.cpp">
      <Filter>backend\looped\vehicle</Filter>
    </ClCompile>
    <ClCompile Include="src\backend\looped\vehicle\flares.cpp">
      <Filter>backend\looped\vehicle</Filter>
    </ClCompile>
    <ClCompile Include="src\backend\looped\vehicle\fly.cpp">
      <Filter>backend\looped\vehicle</Filter>
    </ClCompile>
    <ClCompile Include="src\backend\looped\vehicle\horn_boost.cpp">
      <Filter>backend\looped\vehicle</Filter>
    </ClCompile>
    <ClCompile Include="src\backend\looped\vehicle\instant_brake.cpp">
      <Filter>backend\looped\vehicle</Filter>
    </ClCompile>
    <ClCompile Include="src\backend\looped\vehicle\is_targetable.cpp">
      <Filter>backend\looped\vehicle</Filter>
    </ClCompile>
    <ClCompile Include="src\backend\looped\vehicle\keep_vehicle_repaired.cpp">
      <Filter>backend\looped\vehicle</Filter>
    </ClCompile>
    <ClCompile Include="src\backend\looped\vehicle\ls_customs.cpp">
      <Filter>backend\looped\vehicle</Filter>
    </ClCompile>
    <ClCompile Include="src\backend\looped\vehicle\remove_speed_limit.cpp">
      <Filter>backend\looped\vehicle</Filter>
    </ClCompile>
    <ClCompile Include="src\backend\looped\vehicle\rgb_paint.cpp">
      <Filter>backend\looped\vehicle</Filter>
    </ClCompile>
    <ClCompile Include="src\backend\looped\vehicle\seatbelt.cpp">
      <Filter>backend\looped\vehicle</Filter>
    </ClCompile>
    <ClCompile Include="src\backend\looped\vehicle\speedo_meter.cpp">
      <Filter>backend\looped\vehicle</Filter>
    </ClCompile>
    <ClCompile Include="src\backend\looped\vehicle\turn_signals.cpp">
      <Filter>backend\looped\vehicle</Filter>
    </ClCompile>
    <ClCompile Include="src\backend\looped\vehicle\vehicle_god.cpp">
      <Filter>backend\looped\vehicle</Filter>
    </ClCompile>
    <ClCompile Include="src\backend\looped\vehicle\vehicle_jump.cpp">
      <Filter>backend\looped\vehicle</Filter>
    </ClCompile>
    <ClCompile Include="src\backend\looped\weapons\ammo_special_type.cpp">
      <Filter>backend\looped\weapons</Filter>
    </ClCompile>
    <ClCompile Include="src\backend\looped\weapons\cage_gun.cpp">
      <Filter>backend\looped\weapons</Filter>
    </ClCompile>
    <ClCompile Include="src\backend\looped\weapons\custom_gun_disable_control_action.cpp">
      <Filter>backend\looped\weapons</Filter>
    </ClCompile>
    <ClCompile Include="src\backend\looped\weapons\delete_gun.cpp">
      <Filter>backend\looped\weapons</Filter>
    </ClCompile>
    <ClCompile Include="src\backend\looped\weapons\force_crosshairs.cpp">
      <Filter>backend\looped\weapons</Filter>
    </ClCompile>
    <ClCompile Include="src\backend\looped\weapons\gravity_gun.cpp">
      <Filter>backend\looped\weapons</Filter>
    </ClCompile>
    <ClCompile Include="src\backend\looped\weapons\increase_damage.cpp">
      <Filter>backend\looped\weapons</Filter>
    </ClCompile>
    <ClCompile Include="src\backend\looped\weapons\infinite_ammo.cpp">
      <Filter>backend\looped\weapons</Filter>
    </ClCompile>
    <ClCompile Include="src\backend\looped\weapons\infinite_mag.cpp">
      <Filter>backend\looped\weapons</Filter>
    </ClCompile>
    <ClCompile Include="src\backend\looped\weapons\no_recoil.cpp">
      <Filter>backend\looped\weapons</Filter>
    </ClCompile>
    <ClCompile Include="src\backend\looped\weapons\no_spread.cpp">
      <Filter>backend\looped\weapons</Filter>
    </ClCompile>
    <ClCompile Include="src\backend\looped\weapons\repair_gun.cpp">
      <Filter>backend\looped\weapons</Filter>
    </ClCompile>
    <ClCompile Include="src\backend\looped\weapons\steal_vehicle_gun.cpp">
      <Filter>backend\looped\weapons</Filter>
    </ClCompile>
    <ClCompile Include="src\backend\looped\weapons\vehicle_gun.cpp">
      <Filter>backend\looped\weapons</Filter>
    </ClCompile>
    <ClCompile Include="src\backend\looped\world\population_control.cpp">
      <Filter>backend\looped\world</Filter>
    </ClCompile>
    <ClCompile Include="src\common.cpp" />
    <ClCompile Include="src\detour_hook.cc" />
    <ClCompile Include="src\fiber_pool.cpp" />
    <ClCompile Include="src\file_manager\file.cpp">
      <Filter>file_manager</Filter>
    </ClCompile>
    <ClCompile Include="src\file_manager\folder.cpp">
      <Filter>file_manager</Filter>
    </ClCompile>
    <ClCompile Include="src\fonts\agave.cpp">
      <Filter>fonts</Filter>
    </ClCompile>
    <ClCompile Include="src\fonts\icons.cpp">
      <Filter>fonts</Filter>
    </ClCompile>
    <ClCompile Include="src\fonts\storopia.cpp">
      <Filter>fonts</Filter>
    </ClCompile>
    <ClCompile Include="src\gta\fidevice.cpp">
      <Filter>gta</Filter>
    </ClCompile>
    <ClCompile Include="src\gui.cpp" />
    <ClCompile Include="src\gui\components\button.cpp">
      <Filter>gui\components</Filter>
    </ClCompile>
    <ClCompile Include="src\gui\components\custom_text.cpp">
      <Filter>gui\components</Filter>
    </ClCompile>
    <ClCompile Include="src\gui\components\help_marker.cpp">
      <Filter>gui\components</Filter>
    </ClCompile>
    <ClCompile Include="src\gui\components\icon.cpp">
      <Filter>gui\components</Filter>
    </ClCompile>
    <ClCompile Include="src\gui\components\input_text_with_hint.cpp">
      <Filter>gui\components</Filter>
    </ClCompile>
    <ClCompile Include="src\gui\components\menu_item.cpp">
      <Filter>gui\components</Filter>
    </ClCompile>
    <ClCompile Include="src\gui\components\selectable.cpp">
      <Filter>gui\components</Filter>
    </ClCompile>
    <ClCompile Include="src\gui\components\small.cpp">
      <Filter>gui\components</Filter>
    </ClCompile>
    <ClCompile Include="src\gui\components\sub_title.cpp">
      <Filter>gui\components</Filter>
    </ClCompile>
    <ClCompile Include="src\gui\components\title.cpp">
      <Filter>gui\components</Filter>
    </ClCompile>
    <ClCompile Include="src\gui\handling\current_profile\current_profile_brakes.cpp">
      <Filter>gui\handling\current_profile</Filter>
    </ClCompile>
    <ClCompile Include="src\gui\handling\current_profile\current_profile_gearing.cpp">
      <Filter>gui\handling\current_profile</Filter>
    </ClCompile>
    <ClCompile Include="src\gui\handling\current_profile\current_profile_general.cpp">
      <Filter>gui\handling\current_profile</Filter>
    </ClCompile>
    <ClCompile Include="src\gui\handling\current_profile\current_profile_other.cpp">
      <Filter>gui\handling\current_profile</Filter>
    </ClCompile>
    <ClCompile Include="src\gui\handling\current_profile\current_profile_roll_centre_height.cpp">
      <Filter>gui\handling\current_profile</Filter>
    </ClCompile>
    <ClCompile Include="src\gui\handling\current_profile\current_profile_rollbars.cpp">
      <Filter>gui\handling\current_profile</Filter>
    </ClCompile>
    <ClCompile Include="src\gui\handling\current_profile\current_profile_steering.cpp">
      <Filter>gui\handling\current_profile</Filter>
    </ClCompile>
    <ClCompile Include="src\gui\handling\current_profile\current_profile_suspension.cpp">
      <Filter>gui\handling\current_profile</Filter>
    </ClCompile>
    <ClCompile Include="src\gui\handling\current_profile\current_profile_traction.cpp">
      <Filter>gui\handling\current_profile</Filter>
    </ClCompile>
    <ClCompile Include="src\gui\handling\current_profile\current_profile_transmission.cpp">
      <Filter>gui\handling\current_profile</Filter>
    </ClCompile>
    <ClCompile Include="src\gui\handling\handling_current_profile.cpp">
      <Filter>gui\handling</Filter>
    </ClCompile>
    <ClCompile Include="src\gui\handling\handling_saved_profiles.cpp">
      <Filter>gui\handling</Filter>
    </ClCompile>
    <ClCompile Include="src\gui\handling\modals\save_handling.cpp">
      <Filter>gui\handling\modals</Filter>
    </ClCompile>
    <ClCompile Include="src\gui\ytd loader\ytd_loader.cpp">
      <Filter>gui\ytd loader</Filter>
    </ClCompile>
    <ClCompile Include="src\hooking.cpp" />
    <ClCompile Include="src\hooks\gui\swap_chain_present.cpp">
      <Filter>hooks\gui</Filter>
    </ClCompile>
    <ClCompile Include="src\hooks\gui\swap_chain_resizebuffers.cpp">
      <Filter>hooks\gui</Filter>
    </ClCompile>
    <ClCompile Include="src\hooks\gui\wndproc.cpp">
      <Filter>hooks\gui</Filter>
    </ClCompile>
    <ClCompile Include="src\hooks\info\get_network_event_data.cpp">
      <Filter>hooks\info</Filter>
    </ClCompile>
    <ClCompile Include="src\hooks\info\receive_text_message.cpp">
      <Filter>hooks\info</Filter>
    </ClCompile>
    <ClCompile Include="src\hooks\metrics\send_metric.cpp">
      <Filter>hooks\metrics</Filter>
    </ClCompile>
    <ClCompile Include="src\hooks\misc\get_label_text.cpp">
      <Filter>hooks\misc</Filter>
    </ClCompile>
    <ClCompile Include="src\hooks\misc\multiplayer_chat_filter.cpp">
      <Filter>hooks\misc</Filter>
    </ClCompile>
    <ClCompile Include="src\hooks\native_hooks\gta_thread_kill.cpp">
      <Filter>hooks\native_hooks</Filter>
    </ClCompile>
    <ClCompile Include="src\hooks\native_hooks\gta_thread_start.cpp">
      <Filter>hooks\native_hooks</Filter>
    </ClCompile>
    <ClCompile Include="src\hooks\player_management\assign_physical_index.cpp">
      <Filter>hooks\player_management</Filter>
    </ClCompile>
    <ClCompile Include="src\hooks\player_management\network_player_mgr.cpp">
      <Filter>hooks\player_management</Filter>
    </ClCompile>
    <ClCompile Include="src\hooks\protections\increment_stat_event.cpp">
      <Filter>hooks\protections</Filter>
    </ClCompile>
    <ClCompile Include="src\hooks\protections\network_group_override.cpp">
      <Filter>hooks\protections</Filter>
    </ClCompile>
    <ClCompile Include="src\hooks\protections\receive_net_message.cpp">
      <Filter>hooks\protections</Filter>
    </ClCompile>
    <ClCompile Include="src\hooks\protections\received_clone_sync.cpp">
      <Filter>hooks\protections</Filter>
    </ClCompile>
    <ClCompile Include="src\hooks\protections\received_event.cpp">
      <Filter>hooks\protections</Filter>
    </ClCompile>
    <ClCompile Include="src\hooks\protections\script_event_handler.cpp">
      <Filter>hooks\protections</Filter>
    </ClCompile>
    <ClCompile Include="src\hooks\spoofing\get_pool_type.cpp">
      <Filter>hooks\spoofing</Filter>
    </ClCompile>
    <ClCompile Include="src\hooks\spoofing\send_net_info_to_lobby.cpp">
      <Filter>hooks\spoofing</Filter>
    </ClCompile>
    <ClCompile Include="src\hooks\spoofing\write_player_game_state_data_node.cpp">
      <Filter>hooks\spoofing</Filter>
    </ClCompile>
    <ClCompile Include="src\hooks\spoofing\write_player_gamer_data_node.cpp">
      <Filter>hooks\spoofing</Filter>
    </ClCompile>
    <ClCompile Include="src\invoker.cpp" />
    <ClCompile Include="src\main.cpp" />
    <ClCompile Include="src\memory\batch.cpp">
      <Filter>memory</Filter>
    </ClCompile>
    <ClCompile Include="src\memory\byte_patch.cpp">
      <Filter>memory</Filter>
    </ClCompile>
    <ClCompile Include="src\memory\module.cpp">
      <Filter>memory</Filter>
    </ClCompile>
    <ClCompile Include="src\memory\pattern.cpp">
      <Filter>memory</Filter>
    </ClCompile>
    <ClCompile Include="src\memory\range.cpp">
      <Filter>memory</Filter>
    </ClCompile>
    <ClCompile Include="src\native_hooks\native_hooks.cpp">
      <Filter>native_hooks</Filter>
    </ClCompile>
    <ClCompile Include="src\pointers.cpp" />
    <ClCompile Include="src\renderer.cpp" />
    <ClCompile Include="src\script.cpp" />
    <ClCompile Include="src\script_global.cpp" />
    <ClCompile Include="src\script_hook.cpp" />
    <ClCompile Include="src\script_local.cpp" />
    <ClCompile Include="src\script_mgr.cpp" />
    <ClCompile Include="src\services\anti_cheat\anti_cheat_service.cpp">
      <Filter>services\anti_cheat</Filter>
    </ClCompile>
    <ClCompile Include="src\services\chat\chat_service.cpp">
      <Filter>services\chat</Filter>
    </ClCompile>
    <ClCompile Include="src\services\context_menu\context_menu_service.cpp">
      <Filter>services\context_menu</Filter>
    </ClCompile>
    <ClCompile Include="src\services\custom_text\custom_text_callbacks.cpp">
      <Filter>services\custom_text</Filter>
    </ClCompile>
    <ClCompile Include="src\services\custom_text\custom_text_service.cpp">
      <Filter>services\custom_text</Filter>
    </ClCompile>
    <ClCompile Include="src\services\friends\friends_service.cpp">
      <Filter>services\friends</Filter>
    </ClCompile>
    <ClCompile Include="src\services\globals\globals_service.cpp">
      <Filter>services\globals</Filter>
    </ClCompile>
    <ClCompile Include="src\services\gta_data\cache_file.cpp">
      <Filter>services\gta_data</Filter>
    </ClCompile>
    <ClCompile Include="src\services\gta_data\gta_data_service.cpp">
      <Filter>services\gta_data</Filter>
    </ClCompile>
    <ClCompile Include="src\services\gta_data\yim_fipackfile.cpp">
      <Filter>services\gta_data</Filter>
    </ClCompile>
    <ClCompile Include="src\services\mobile\mobile_service.cpp">
      <Filter>services\mobile</Filter>
    </ClCompile>
    <ClCompile Include="src\services\model_preview\model_preview_service.cpp">
      <Filter>services\model_preview</Filter>
    </ClCompile>
    <ClCompile Include="src\services\notifications\notification_service.cpp">
      <Filter>services\notifications</Filter>
    </ClCompile>
    <ClCompile Include="src\services\pickups\pickup_service.cpp">
      <Filter>services\pickups</Filter>
    </ClCompile>
    <ClCompile Include="src\services\player_database\player_database_service.cpp">
      <Filter>services\player_database</Filter>
    </ClCompile>
    <ClCompile Include="src\services\players\player.cpp">
      <Filter>services\players</Filter>
    </ClCompile>
    <ClCompile Include="src\services\players\player_service.cpp">
      <Filter>services\players</Filter>
    </ClCompile>
    <ClCompile Include="src\services\spinner\spinner_service.cpp">
      <Filter>services\spinner</Filter>
    </ClCompile>
    <ClCompile Include="src\services\vehicle\handling_profile.cpp">
      <Filter>services\vehicle</Filter>
    </ClCompile>
    <ClCompile Include="src\services\vehicle\handling_service.cpp">
      <Filter>services\vehicle</Filter>
    </ClCompile>
    <ClCompile Include="src\services\vehicle\persist_car_service.cpp">
      <Filter>services\vehicle</Filter>
    </ClCompile>
    <ClCompile Include="src\services\vehicle_helper\vehicle_helper.cpp">
      <Filter>services\vehicle_helper</Filter>
    </ClCompile>
    <ClCompile Include="src\shv_runner.cpp" />
    <ClCompile Include="src\thread_pool.cpp" />
    <ClCompile Include="src\views\chat\view_chat.cpp">
      <Filter>views\chat</Filter>
    </ClCompile>
    <ClCompile Include="src\views\chat\view_chat_tabs.cpp">
      <Filter>views\chat</Filter>
    </ClCompile>
    <ClCompile Include="src\views\chat\view_dm.cpp">
      <Filter>views\chat</Filter>
    </ClCompile>
    <ClCompile Include="src\views\core\view_main.cpp">
      <Filter>views\core</Filter>
    </ClCompile>
    <ClCompile Include="src\views\core\view_menubar.cpp">
      <Filter>views\core</Filter>
    </ClCompile>
    <ClCompile Include="src\views\core\view_notifications.cpp">
      <Filter>views\core</Filter>
    </ClCompile>
    <ClCompile Include="src\views\core\view_root.cpp">
      <Filter>views\core</Filter>
    </ClCompile>
    <ClCompile Include="src\views\core\view_spinner.cpp">
      <Filter>views\core</Filter>
    </ClCompile>
    <ClCompile Include="src\views\debug\view_debug_globals.cpp">
      <Filter>views\debug</Filter>
    </ClCompile>
    <ClCompile Include="src\views\debug\view_debug_misc.cpp">
      <Filter>views\debug</Filter>
    </ClCompile>
    <ClCompile Include="src\views\debug\view_debug_ped_flags.cpp">
      <Filter>views\debug</Filter>
    </ClCompile>
    <ClCompile Include="src\views\debug\view_debug_script_events.cpp">
      <Filter>views\debug</Filter>
    </ClCompile>
    <ClCompile Include="src\views\debug\view_debug_scripts.cpp">
      <Filter>views\debug</Filter>
    </ClCompile>
    <ClCompile Include="src\views\debug\view_debug_tabs.cpp">
      <Filter>views\debug</Filter>
    </ClCompile>
    <ClCompile Include="src\views\debug\view_log.cpp">
      <Filter>views\debug</Filter>
    </ClCompile>
    <ClCompile Include="src\views\esp\view_esp.cpp">
      <Filter>views\esp</Filter>
    </ClCompile>
    <ClCompile Include="src\views\native\native.cpp">
      <Filter>views\native</Filter>
    </ClCompile>
    <ClCompile Include="src\views\network\view_network_tabs.cpp">
      <Filter>views\network</Filter>
    </ClCompile>
    <ClCompile Include="src\views\network\view_player_db.cpp">
      <Filter>views\network</Filter>
    </ClCompile>
    <ClCompile Include="src\views\network\view_session.cpp">
      <Filter>views\network</Filter>
    </ClCompile>
    <ClCompile Include="src\views\network\view_spoofing.cpp">
      <Filter>views\network</Filter>
    </ClCompile>
    <ClCompile Include="src\views\players\view_player_info.cpp">
      <Filter>views\players</Filter>
    </ClCompile>
    <ClCompile Include="src\views\players\view_player_ped.cpp">
      <Filter>views\players</Filter>
    </ClCompile>
    <ClCompile Include="src\views\players\view_player_tabs.cpp">
      <Filter>views\players</Filter>
    </ClCompile>
    <ClCompile Include="src\views\players\view_player_teleport.cpp">
      <Filter>views\players</Filter>
    </ClCompile>
    <ClCompile Include="src\views\players\view_player_toxic.cpp">
      <Filter>views\players</Filter>
    </ClCompile>
    <ClCompile Include="src\views\players\view_players.cpp">
      <Filter>views\players</Filter>
    </ClCompile>
    <ClCompile Include="src\views\self\view_mobile.cpp">
      <Filter>views\self</Filter>
    </ClCompile>
    <ClCompile Include="src\views\self\view_outfit.cpp">
      <Filter>views\self</Filter>
    </ClCompile>
    <ClCompile Include="src\views\self\view_self.cpp">
      <Filter>views\self</Filter>
    </ClCompile>
    <ClCompile Include="src\views\self\view_self_tabs.cpp">
      <Filter>views\self</Filter>
    </ClCompile>
    <ClCompile Include="src\views\self\view_teleport.cpp">
      <Filter>views\self</Filter>
    </ClCompile>
    <ClCompile Include="src\views\self\view_weapons.cpp">
      <Filter>views\self</Filter>
    </ClCompile>
    <ClCompile Include="src\views\settings\view_context_menu_settings.cpp">
      <Filter>views\settings</Filter>
    </ClCompile>
    <ClCompile Include="src\views\settings\view_esp_settings.cpp">
      <Filter>views\settings</Filter>
    </ClCompile>
    <ClCompile Include="src\views\settings\view_gui_settings.cpp">
      <Filter>views\settings</Filter>
    </ClCompile>
    <ClCompile Include="src\views\settings\view_notification_settings.cpp">
      <Filter>views\settings</Filter>
    </ClCompile>
    <ClCompile Include="src\views\settings\view_protection_settings.cpp">
      <Filter>views\settings</Filter>
    </ClCompile>
    <ClCompile Include="src\views\settings\view_settings.cpp">
      <Filter>views\settings</Filter>
    </ClCompile>
    <ClCompile Include="src\views\settings\view_settings_tabs.cpp">
      <Filter>views\settings</Filter>
    </ClCompile>
    <ClCompile Include="src\views\vehicle\view_fun_vehicle.cpp">
      <Filter>views\vehicle</Filter>
    </ClCompile>
    <ClCompile Include="src\views\vehicle\view_handling_tabs.cpp">
      <Filter>views\vehicle</Filter>
    </ClCompile>
    <ClCompile Include="src\views\vehicle\view_lsc.cpp">
      <Filter>views\vehicle</Filter>
    </ClCompile>
    <ClCompile Include="src\views\vehicle\view_persist_car.cpp">
      <Filter>views\vehicle</Filter>
    </ClCompile>
    <ClCompile Include="src\views\vehicle\view_pv.cpp">
      <Filter>views\vehicle</Filter>
    </ClCompile>
    <ClCompile Include="src\views\vehicle\view_spawn_vehicle.cpp">
      <Filter>views\vehicle</Filter>
    </ClCompile>
    <ClCompile Include="src\views\vehicle\view_vehicle.cpp">
      <Filter>views\vehicle</Filter>
    </ClCompile>
    <ClCompile Include="src\views\vehicle\view_vehicle_tabs.cpp">
      <Filter>views\vehicle</Filter>
    </ClCompile>
    <ClCompile Include="src\views\view_context_menu.cpp">
      <Filter>views</Filter>
    </ClCompile>
    <ClCompile Include="src\views\view_gta_data.cpp">
      <Filter>views</Filter>
    </ClCompile>
    <ClCompile Include="src\views\view_ovelay.cpp">
      <Filter>views</Filter>
    </ClCompile>
    <ClCompile Include="src\views\world\view_ambient.cpp">
      <Filter>views\world</Filter>
    </ClCompile>
    <ClCompile Include="src\views\world\view_spawn_ped.cpp">
      <Filter>views\world</Filter>
    </ClCompile>
    <ClCompile Include="src\views\world\view_time_and_weather.cpp">
      <Filter>views\world</Filter>
    </ClCompile>
    <ClCompile Include="src\views\world\view_world_tabs.cpp">
      <Filter>views\world</Filter>
    </ClCompile>
    <ClCompile Include="src\vmt_hook.cpp" />
  </ItemGroup>
  <ItemGroup>
    <Masm Include="src\invoker_asm.asm" />
  </ItemGroup>
</Project>